
Microsoft Visual Studio Solution File, Format Version 12.00
# Visual Studio 15
VisualStudioVersion = 15.0.28010.2019
MinimumVisualStudioVersion = 10.0.40219.1
Project("{9A19103F-16F7-4668-BE54-9A1E7A4F7556}") = "SharpLibWin32", "SharpLibWin32.csproj", "{AD32FD5D-33D4-4393-86E5-E1FCD25E4800}"
EndProject
Global
	GlobalSection(SolutionConfigurationPlatforms) = preSolution
		Debug|Any CPU = Debug|Any CPU
		Debug|x86 = Debug|x86
		Release|Any CPU = Release|Any CPU
		Release|x86 = Release|x86
	EndGlobalSection
	GlobalSection(ProjectConfigurationPlatforms) = postSolution
		{AD32FD5D-33D4-4393-86E5-E1FCD25E4800}.Debug|Any CPU.ActiveCfg = Debug|Any CPU
		{AD32FD5D-33D4-4393-86E5-E1FCD25E4800}.Debug|Any CPU.Build.0 = Debug|Any CPU
		{AD32FD5D-33D4-4393-86E5-E1FCD25E4800}.Debug|x86.ActiveCfg = Debug|Any CPU
		{AD32FD5D-33D4-4393-86E5-E1FCD25E4800}.Debug|x86.Build.0 = Debug|Any CPU
		{AD32FD5D-33D4-4393-86E5-E1FCD25E4800}.Release|Any CPU.ActiveCfg = Release|Any CPU
		{AD32FD5D-33D4-4393-86E5-E1FCD25E4800}.Release|Any CPU.Build.0 = Release|Any CPU
		{AD32FD5D-33D4-4393-86E5-E1FCD25E4800}.Release|x86.ActiveCfg = Release|Any CPU
		{AD32FD5D-33D4-4393-86E5-E1FCD25E4800}.Release|x86.Build.0 = Release|Any CPU
	EndGlobalSection
	GlobalSection(SolutionProperties) = preSolution
		HideSolutionNode = FALSE
	EndGlobalSection
	GlobalSection(ExtensibilityGlobals) = postSolution
		SolutionGuid = {19A42258-1F7C-46D7-8099-909046C50FF9}
	EndGlobalSection
EndGlobal
